
Microsoft Visual Studio Solution File, Format Version 12.00
# Visual Studio Version 16
VisualStudioVersion = 16.0.30717.126
MinimumVisualStudioVersion = 10.0.40219.1
Project("{FAE04EC0-301F-11D3-BF4B-00C04F79EFBC}") = "Programming Exercise 5", "Programming Exercise 5\Programming Exercise 5.csproj", "{698850C6-9911-4056-BBDE-6FDD64CFBBAB}"
EndProject
Global
	GlobalSection(SolutionConfigurationPlatforms) = preSolution
		Debug|Any CPU = Debug|Any CPU
		Release|Any CPU = Release|Any CPU
	EndGlobalSection
	GlobalSection(ProjectConfigurationPlatforms) = postSolution
		{698850C6-9911-4056-BBDE-6FDD64CFBBAB}.Debug|Any CPU.ActiveCfg = Debug|Any CPU
		{698850C6-9911-4056-BBDE-6FDD64CFBBAB}.Debug|Any CPU.Build.0 = Debug|Any CPU
		{698850C6-9911-4056-BBDE-6FDD64CFBBAB}.Release|Any CPU.ActiveCfg = Release|Any CPU
		{698850C6-9911-4056-BBDE-6FDD64CFBBAB}.Release|Any CPU.Build.0 = Release|Any CPU
	EndGlobalSection
	GlobalSection(SolutionProperties) = preSolution
		HideSolutionNode = FALSE
	EndGlobalSection
	GlobalSection(ExtensibilityGlobals) = postSolution
		SolutionGuid = {8320AF64-5CD5-4D06-BD4D-8B61EC84F923}
	EndGlobalSection
EndGlobal
